{
  "name": "orbit-viewer",
  "version": "0.1.0",
  "lockfileVersion": 3,
  "requires": true,
  "packages": {
    "": {
      "name": "orbit-viewer",
      "version": "0.1.0",
      "license": "GPL-3.0-or-later",
      "dependencies": {
        "spicejs": "github:stevenstetzler/spiceJS#v0.1.1"
      },
      "engines": {
        "node": ">=18"
      }
    },
    "node_modules/spicejs": {
      "version": "0.1.1",
      "resolved": "git+ssh://git@github.com/stevenstetzler/spiceJS.git#e1cc1c67982e3f3f5f010980dfca499e87d82235",
      "license": "GPL-3.0-or-later",
      "engines": {
        "node": ">=18"
      }
    }
  }
}
