{
  "name": "orbit-viewer",
  "version": "0.1.0",
  "lockfileVersion": 3,
  "requires": true,
  "packages": {
    "": {
      "name": "orbit-viewer",
      "version": "0.1.0",
      "license": "GPL-3.0-or-later",
      "dependencies": {
        "spicejs": "github:stevenstetzler/spiceJS#8c8740284e2483d15812ebe87eb6fb0b4f70de40"
      },
      "engines": {
        "node": ">=18"
      }
    },
    "node_modules/spicejs": {
      "version": "0.1.0",
      "resolved": "git+ssh://git@github.com/stevenstetzler/spiceJS.git#8c8740284e2483d15812ebe87eb6fb0b4f70de40",
      "integrity": "sha512-otWdPlYqU5goSIUd60SwCLDpxdV/iN+XGhqt+r9CbrAcjH75+OckNhr0uo+gbi47d/H33rvIxKI7qQceYTYYJw==",
      "license": "GPL-3.0-or-later",
      "engines": {
        "node": ">=18"
      }
    }
  }
}
